
Microsoft Visual Studio Solution File, Format Version 12.00
# Visual Studio 15
VisualStudioVersion = 15.0.28307.1169
MinimumVisualStudioVersion = 10.0.40219.1
Project("{F184B08F-C81C-45F6-A57F-5ABD9991F28F}") = "Empleados", "GENERAR BARRAS\Empleados.vbproj", "{A11EB51B-AB1D-436F-A995-9B8477091847}"
EndProject
Global
	GlobalSection(SolutionConfigurationPlatforms) = preSolution
		Debug|x86 = Debug|x86
		Release|x86 = Release|x86
	EndGlobalSection
	GlobalSection(ProjectConfigurationPlatforms) = postSolution
		{A11EB51B-AB1D-436F-A995-9B8477091847}.Debug|x86.ActiveCfg = Debug|x86
		{A11EB51B-AB1D-436F-A995-9B8477091847}.Debug|x86.Build.0 = Debug|x86
		{A11EB51B-AB1D-436F-A995-9B8477091847}.Release|x86.ActiveCfg = Release|x86
		{A11EB51B-AB1D-436F-A995-9B8477091847}.Release|x86.Build.0 = Release|x86
	EndGlobalSection
	GlobalSection(SolutionProperties) = preSolution
		HideSolutionNode = FALSE
	EndGlobalSection
	GlobalSection(ExtensibilityGlobals) = postSolution
		SolutionGuid = {700ED627-5647-4D2F-844F-8660AC7F9854}
	EndGlobalSection
EndGlobal
